{
    "version": 3,
    "terraform_version": "0.10.7",
    "serial": 5,
    "lineage": "b3924bf8-23b2-4b4b-a4b0-79643a7a1871",
    "modules": [
        {
            "path": [
                "root"
            ],
            "outputs": {
                "project": {
                    "sensitive": false,
                    "type": "string",
                    "value": "gcs-bcn-training-1"
                }
            },
            "resources": {
                "data.google_client_config.current": {
                    "type": "google_client_config",
                    "depends_on": [],
                    "primary": {
                        "id": "2017-11-09 22:46:39.644042407 +0000 UTC",
                        "attributes": {
                            "id": "2017-11-09 22:46:39.644042407 +0000 UTC",
                            "project": "gcs-bcn-training-1",
                            "region": "us-central1"
                        },
                        "meta": {},
                        "tainted": false
                    },
                    "deposed": [],
                    "provider": ""
                },
                "data.google_compute_zones.available": {
                    "type": "google_compute_zones",
                    "depends_on": [],
                    "primary": {
                        "id": "2017-11-09 22:46:40.702434626 +0000 UTC",
                        "attributes": {
                            "id": "2017-11-09 22:46:40.702434626 +0000 UTC",
                            "names.#": "4",
                            "names.0": "us-central1-a",
                            "names.1": "us-central1-b",
                            "names.2": "us-central1-c",
                            "names.3": "us-central1-f"
                        },
                        "meta": {},
                        "tainted": false
                    },
                    "deposed": [],
                    "provider": ""
                },
                "data.google_container_engine_versions.central1b": {
                    "type": "google_container_engine_versions",
                    "depends_on": [],
                    "primary": {
                        "id": "2017-11-09 22:46:40.734941625 +0000 UTC",
                        "attributes": {
                            "id": "2017-11-09 22:46:40.734941625 +0000 UTC",
                            "latest_master_version": "1.8.2-gke.0",
                            "latest_node_version": "1.8.2-gke.0",
                            "valid_master_versions.#": "5",
                            "valid_master_versions.0": "1.8.2-gke.0",
                            "valid_master_versions.1": "1.8.1-gke.1",
                            "valid_master_versions.2": "1.7.9-gke.0",
                            "valid_master_versions.3": "1.7.8-gke.0",
                            "valid_master_versions.4": "1.6.11-gke.0",
                            "valid_node_versions.#": "12",
                            "valid_node_versions.0": "1.8.2-gke.0",
                            "valid_node_versions.1": "1.8.1-gke.1",
                            "valid_node_versions.10": "1.6.9",
                            "valid_node_versions.11": "1.5.7",
                            "valid_node_versions.2": "1.7.9-gke.0",
                            "valid_node_versions.3": "1.7.8-gke.0",
                            "valid_node_versions.4": "1.7.8",
                            "valid_node_versions.5": "1.7.6",
                            "valid_node_versions.6": "1.7.5",
                            "valid_node_versions.7": "1.6.11-gke.0",
                            "valid_node_versions.8": "1.6.11",
                            "valid_node_versions.9": "1.6.10",
                            "zone": "us-central1-b"
                        },
                        "meta": {},
                        "tainted": false
                    },
                    "deposed": [],
                    "provider": ""
                },
                "google_compute_instance.terraform_instance": {
                    "type": "google_compute_instance",
                    "depends_on": [],
                    "primary": {
                        "id": "terraform-test-instance",
                        "attributes": {
                            "attached_disk.#": "0",
                            "boot_disk.#": "1",
                            "boot_disk.0.auto_delete": "true",
                            "boot_disk.0.device_name": "persistent-disk-0",
                            "boot_disk.0.disk_encryption_key_raw": "",
                            "boot_disk.0.disk_encryption_key_sha256": "",
                            "boot_disk.0.initialize_params.#": "1",
                            "boot_disk.0.initialize_params.0.image": "centos-cloud/centos-7",
                            "boot_disk.0.initialize_params.0.size": "0",
                            "boot_disk.0.initialize_params.0.type": "",
                            "boot_disk.0.source": "https://www.googleapis.com/compute/v1/projects/gcs-bcn-training-1/zones/us-central1-a/disks/terraform-test-instance",
                            "can_ip_forward": "false",
                            "cpu_platform": "Intel Sandy Bridge",
                            "create_timeout": "4",
                            "guest_accelerator.#": "0",
                            "id": "terraform-test-instance",
                            "instance_id": "7887833833627280877",
                            "label_fingerprint": "42WmSpB8rSM=",
                            "machine_type": "n1-standard-1",
                            "metadata.%": "2",
                            "metadata.os": "centos-7",
                            "metadata.startup-script-url": "gs://gcs-startup-scripts/provision_rpm.sh",
                            "metadata_fingerprint": "mYqY7U7SsgU=",
                            "min_cpu_platform": "",
                            "name": "terraform-test-instance",
                            "network_interface.#": "1",
                            "network_interface.0.access_config.#": "1",
                            "network_interface.0.access_config.0.assigned_nat_ip": "35.194.37.46",
                            "network_interface.0.access_config.0.nat_ip": "",
                            "network_interface.0.address": "10.128.0.4",
                            "network_interface.0.alias_ip_range.#": "0",
                            "network_interface.0.name": "nic0",
                            "network_interface.0.network": "https://www.googleapis.com/compute/v1/projects/gcs-bcn-training-1/global/networks/default",
                            "network_interface.0.subnetwork": "https://www.googleapis.com/compute/v1/projects/gcs-bcn-training-1/regions/us-central1/subnetworks/default",
                            "network_interface.0.subnetwork_project": "gcs-bcn-training-1",
                            "scheduling.#": "1",
                            "scheduling.0.automatic_restart": "true",
                            "scheduling.0.on_host_maintenance": "MIGRATE",
                            "scheduling.0.preemptible": "false",
                            "scratch_disk.#": "1",
                            "scratch_disk.0.interface": "SCSI",
                            "self_link": "https://www.googleapis.com/compute/v1/projects/gcs-bcn-training-1/zones/us-central1-a/instances/terraform-test-instance",
                            "service_account.#": "1",
                            "service_account.0.email": "1040528368048-compute@developer.gserviceaccount.com",
                            "service_account.0.scopes.#": "3",
                            "service_account.0.scopes.1328717722": "https://www.googleapis.com/auth/devstorage.read_write",
                            "service_account.0.scopes.2428168921": "https://www.googleapis.com/auth/userinfo.email",
                            "service_account.0.scopes.2862113455": "https://www.googleapis.com/auth/compute.readonly",
                            "tags.#": "2",
                            "tags.3481800952": "allow-vgm",
                            "tags.3495923350": "allow-sbt",
                            "tags_fingerprint": "KAnTZvvmCBU=",
                            "zone": "us-central1-a"
                        },
                        "meta": {
                            "schema_version": "6"
                        },
                        "tainted": false
                    },
                    "deposed": [],
                    "provider": ""
                },
                "google_container_cluster.foo": {
                    "type": "google_container_cluster",
                    "depends_on": [
                        "data.google_container_engine_versions.central1b"
                    ],
                    "primary": {
                        "id": "terraform-test-cluster",
                        "attributes": {
                            "additional_zones.#": "0",
                            "addons_config.#": "1",
                            "cluster_ipv4_cidr": "10.0.0.0/14",
                            "description": "",
                            "enable_kubernetes_alpha": "false",
                            "enable_legacy_abac": "true",
                            "endpoint": "35.202.149.186",
                            "id": "terraform-test-cluster",
                            "initial_node_count": "1",
                            "instance_group_urls.#": "1",
                            "instance_group_urls.0": "https://www.googleapis.com/compute/v1/projects/gcs-bcn-training-1/zones/us-central1-b/instanceGroups/gke-terraform-test-clust-default-pool-a5b20e89-grp",
                            "logging_service": "logging.googleapis.com",
                            "master_auth.#": "1",
                            "master_auth.0.client_certificate": "LS0tLS1CRUdJTiBDRVJUSUZJQ0FURS0tLS0tCk1JSUMyakNDQWNLZ0F3SUJBZ0lRSW5laExqQ0FWOW5sYVZwRWlSdi8vREFOQmdrcWhraUc5dzBCQVFzRkFEQXYKTVMwd0t3WURWUVFERXlRNE9HTTNPV1U0TnkwelpEUXlMVFJrWVRrdFltVTVaQzB5WWpOaFkyRXlOVEk0TWpndwpIaGNOTVRjeE1UQTVNakkwTWpJeFdoY05Nakl4TVRBNE1qSTBNakl4V2pBUk1ROHdEUVlEVlFRREV3WmpiR2xsCmJuUXdnZ0VpTUEwR0NTcUdTSWIzRFFFQkFRVUFBNElCRHdBd2dnRUtBb0lCQVFEOHJYekdoZGF6SVVGVk1HYncKV1RoaFM3NSt4eHhVbDNMZ3FtT29yRXo2RGx0RjIrZGZ4TisrdXJRQVVwSFpBbktrK3dJallQdXlSdndmaEJwagprS1hoODA3SXllNGRKMGdZTlEzZEErRzY5dlN1U2ZCc0dPRlBuaGRNVHdidUFxdCsrbTc1ODYwRWljMjkxYmV6Ck54Y1AvZnE3OXJBSDNwTzFxbWlpaVdYRWc5eC8zT3VIczBSUEJsZzg2YTJyUEtudXUydlhGZzRqclJsdlc4YlQKR0g3eW0wUFhiUkFMQjNMRjFKVGNUczFFMFlZR0dHUTBzNnVEQnpXNy9Damh0MndXRHJGMDdOMGxMNkE1SzdCWgpEMTExSmsvR2JKNUdrMmsyR2FrTmhjcGU0ZTYwV1kyKzRmT1VPWlArUDJiaW1sRXRMMkNLVlFlVkFCYkNZOXlSClpFYkpBZ01CQUFHakVEQU9NQXdHQTFVZEV3RUIvd1FDTUFBd0RRWUpLb1pJaHZjTkFRRUxCUUFEZ2dFQkFHMVEKLzFOVWR1bFprVmJ5OTRiQlNTUXYxb2ZsLzBhOW9POCtTN0g2dzlWZFpZaXVOVGRkbTRUZGJrblFsaWJrRjh3WQpJYkZ4WXdUQTFGdEV2YVFBYmZwR29YSURUakxCM0s4blRvVTJhVGZ1VDZMRUx1RG9vVkZPd2srUkdyWXVHOUJ4CnA1aFZ1Z1VVNE9KMmVNdkNYTDhpVU1zMWZyaXFmV2JibFFadERoNHBpeEtSMXlaM2pucEpTcDVObnpCb2tXMWkKTkdTVlpueGJvNnhqK1hsVlFXb1VlZ3BEWGpLamVpS1BKZWxHemp6dG1Fa0xDUnEvY1BGeXNQTUUzNlBZWkdHbQpzY2oxMThxREhzUFZqcnB6MTN5dHR0Vmd1SWo1QmQwYVlwN3duRjNydm9KaXBVOEZOMGQvdkljb3dvaHdmNzErCjNUWXhFdi95TFUvT05SYm85V2s9Ci0tLS0tRU5EIENFUlRJRklDQVRFLS0tLS0K",
                            "master_auth.0.client_key": "LS0tLS1CRUdJTiBSU0EgUFJJVkFURSBLRVktLS0tLQpNSUlFb3dJQkFBS0NBUUVBL0sxOHhvWFdzeUZCVlRCbThGazRZVXUrZnNjY1ZKZHk0S3BqcUt4TStnNWJSZHZuClg4VGZ2cnEwQUZLUjJRSnlwUHNDSTJEN3NrYjhINFFhWTVDbDRmTk95TW51SFNkSUdEVU4zUVBodXZiMHJrbncKYkJqaFQ1NFhURThHN2dLcmZ2cHUrZk90QkluTnZkVzNzemNYRC8zNnUvYXdCOTZUdGFwb29vbGx4SVBjZjl6cgpoN05FVHdaWVBPbXRxenlwN3J0cjF4WU9JNjBaYjF2RzB4aCs4cHREMTIwUUN3ZHl4ZFNVM0U3TlJOR0dCaGhrCk5MT3Jnd2MxdS93bzRiZHNGZzZ4ZE96ZEpTK2dPU3V3V1E5ZGRTWlB4bXllUnBOcE5obXBEWVhLWHVIdXRGbU4KdnVIemxEbVQvajltNHBwUkxTOWdpbFVIbFFBV3dtUGNrV1JHeVFJREFRQUJBb0lCQUN6V3BYaCtLaUFlQTkrMwo1K0I1V0srdFZ3ZmMwZnB4NkswVkYzdklYWjJYSEJ2TXZ1V0lCSE51WXNCVzVySkZoSzRocTlxMjNGdGh6TjVUCjNUSHphbmhxNm4xbmxnVmU0ZVNIejZhN2lGeGE5QWNVc0dFaVZpTkFpTjVkL0xzU1JyZ1EvVTRHTDVzSlVEVUMKZnFlREhHaldWMTd4RXdKR2ZWeEV1ZTR6NXhjRXZBRnNseVA5TktJZ0YxYzN0NDJTWmhhZ0dheGRjNmRvNzgweApodlByclVxM09yeWx2WjlIRVYrdGpGU1pYWmVBR0F5NElEQXZOU095MTNpQlhyYjVJekUvYjMwcTJyMWtPSXJPCnk2WkFSdjc0bzR6TDAyUUJxd1owU2RFcDQ2eXVQL291V251MksyYmtFWkM0MCt1bThqbzJ4WEI5YWR5amhiOUQKN3czaFh0MENnWUVBL3Fsbi9sa2xOaUpIRzQ0YlFSTWREMktJbWNyWEVsYWxRL3JVL3U5TndtRWVaZWszT3NWRApQRG4xUE1nSjJQMnJaVlVwU2RHNWN2N21mMXNCbTJUbFk3bHpQSGlKNzh2Q0JIWDdJa2lQZ3RLeGIwTW91NUliCnhVbVRHVjJFRkMvdDFMNTAyK2ZxWmZRSVQyRllheFJIamE5Qnd2N2VCMiswOW1GclN3TysySTBDZ1lFQS9nRnAKZSt1VWFLWmlHbFM5cXEzK2N3ZDI1S05ldzRTWXNCL2x6TlBIemVPV3BRVVdXQUVoL1JENUNianZaSlBrTnpQNwpTMmJUajBabVRSNU5BeUE2WW9RNkdmZW0xUkJwM0w0bG1XSWowMGJsNWxlTkVyT1FSQ0RYcStHUU5Td0xSWWZCCjZVc1Z5OEUyUFFHMS8wU1NhbHdXNkZJdm4yMVRraDlDZC9JaWppMENnWUVBNmV0a1dlODZ6aUhvWFRoSWNwc0MKKzRuUDNpekRKOVl0RW1lS1ZPNHQ2Qm5ibVZNQzUxb2hhMlgxalRKV1VWcVpvSWY4V0JGc0htUmtCNkhwdFBxVgo5dWQzSVptN1ltZ3d2SFkvQzN2SlR5c0h6eUxLZkprMkp4OXhIa0NYUFEvVmo3Q3VtUHpMZzRFSVRSb201SjBKCktPMU9JN2FHN2grL0F2M3pWMEdHZ1ZVQ2dZQkROYUp3ckxRWFFMZENtbHVaVnZLMkF5cWRjdkQzTVJXcHZMYjAKakxFWXRIaSs3MnFySEptZXVhZjd2NWh3ZDRWeWFlbTdXTmp2MTBQb2NmVVV0NmxiT2Z1WnRXTEtpODVISDNVWgpjZE5pNnlhWDNXQ3hxeHVvT3p4MStYaEw2WHlPQ0U3eDZQRTZlY1JkUGgrbkRNRGxMYnJOL0RrbnFTanN5Q0t4ClZEdDZmUUtCZ0VpWDBSNGJuK1RjVEd0Nk9mSzJjTERKeld6MzdlZUc3akQxOVluRWc1U3VKWWtvek1wMDU4ck4KVWRJVVdkK0ZRbFBESS8rQzhUMlFRRk1sN2E3Z3dmN2ZXN2owWHF1Y2Y5MVhoc1p3ZnZneXZTS2xKMG0vZ3dybgpZSUN2VGFKWDNLdjIwMnZLNEw5N1M1R2FKeVI3cmJNQWdTWlFqL2MwcUNVY0Exb0FLV21nCi0tLS0tRU5EIFJTQSBQUklWQVRFIEtFWS0tLS0tCg==",
                            "master_auth.0.cluster_ca_certificate": "LS0tLS1CRUdJTiBDRVJUSUZJQ0FURS0tLS0tCk1JSURDekNDQWZPZ0F3SUJBZ0lRUGIxalpmNXZlRk9BRlIycEJLaUpWakFOQmdrcWhraUc5dzBCQVFzRkFEQXYKTVMwd0t3WURWUVFERXlRNE9HTTNPV1U0TnkwelpEUXlMVFJrWVRrdFltVTVaQzB5WWpOaFkyRXlOVEk0TWpndwpIaGNOTVRjeE1UQTVNakUwTWpFNVdoY05Nakl4TVRBNE1qSTBNakU1V2pBdk1TMHdLd1lEVlFRREV5UTRPR00zCk9XVTROeTB6WkRReUxUUmtZVGt0WW1VNVpDMHlZak5oWTJFeU5USTRNamd3Z2dFaU1BMEdDU3FHU0liM0RRRUIKQVFVQUE0SUJEd0F3Z2dFS0FvSUJBUURqZGs4cUpoYVpKVTlmVWhvN3pFalZ1Z1h6dkJmb3dVMDUwcDBmOXBzYwpLTzBJN2VDTEd5dWV6aXQrNTBnWFRyOGoyaE9TWi8rdFZ2Zy9CMTFDaDFxTSsrM0w1MUlYQkMzQ0NLN0VkbFIxClhkbDViYnJTVm9HZU5qL3NPM3Qxcy91Sk5pMGJGb1F1OFNJbDVNTzcrUVRNL3pDQXlzOHh6QzQxMlJyUktrOFEKbC9Tc1JOTmRiTWpNTGt3UGlYOERwV1JrTGo4d1laeC9PODNINmZDSUI5MnlFSmZtTXZHM0cydm9kMlE3YVY3bQoxeitqSG84aWhFb2M3R0NSTHkrNVB3eXpzMlZlbWVBQU1tOUt3cWRlZHFBVHl1MzE2T1hGM0lVV1FsYnRTejgxCmNtSWJVMmU3SUt1UWIvZkFVZ1N5MiswT0FuOWZJYktaekRDaTBzR3lMQXh4QWdNQkFBR2pJekFoTUE0R0ExVWQKRHdFQi93UUVBd0lDQkRBUEJnTlZIUk1CQWY4RUJUQURBUUgvTUEwR0NTcUdTSWIzRFFFQkN3VUFBNElCQVFDZApTWC92K2lsS1JvUFh6dyt0blZXMjdEUng2SitQTDhRbGNGSWxJNTV0V2dHcnVnOFV3dXdMNXdLNUhOWTJIamptCm04Vy96NlZZMndobE5sc000Ui9tTGlHNVhQR0MrTzkrcm5ndVp4TUx6Y0FiYzltd3lJcnJGbGxhcHZReGVJM04KZWhwek5kcFYzU1czTHVQWmUwWnovN2VFemVlOWFBSFZQTklsMW0xSnNhNGNvbFhmNWVXT0VRaXJxTDcvQmFObwo4SFEyOVUycnhUb0dnUG9uNDk5eFI1eW5wOG11RThhbFZaMXZSY3dKL1VDZkJRZml1ZTJKSm5hMURhMjZhaWdlCm9TaXZ2M216QkNqMHhpVDBDNGE3Smx6M0JjZ2xpcXpFaFBONG16OHo5azhxNElDL2pYaFJGZVhlRmdQTlRsSWoKdmR1RGFYeG9Bcjh6VjJLcjlpTU4KLS0tLS1FTkQgQ0VSVElGSUNBVEUtLS0tLQo=",
                            "master_auth.0.password": "testpass",
                            "master_auth.0.username": "vmucuge",
                            "master_version": "1.8.2-gke.0",
                            "min_master_version": "1.8.2-gke.0",
                            "monitoring_service": "monitoring.googleapis.com",
                            "name": "terraform-test-cluster",
                            "network": "default",
                            "node_config.#": "1",
                            "node_config.0.disk_size_gb": "100",
                            "node_config.0.image_type": "COS",
                            "node_config.0.labels.%": "0",
                            "node_config.0.local_ssd_count": "0",
                            "node_config.0.machine_type": "n1-standard-1",
                            "node_config.0.metadata.%": "0",
                            "node_config.0.min_cpu_platform": "",
                            "node_config.0.oauth_scopes.#": "2",
                            "node_config.0.oauth_scopes.1277378754": "https://www.googleapis.com/auth/monitoring",
                            "node_config.0.oauth_scopes.172152165": "https://www.googleapis.com/auth/logging.write",
                            "node_config.0.preemptible": "false",
                            "node_config.0.service_account": "default",
                            "node_config.0.tags.#": "0",
                            "node_pool.#": "1",
                            "node_pool.0.autoscaling.#": "0",
                            "node_pool.0.initial_node_count": "1",
                            "node_pool.0.name": "default-pool",
                            "node_pool.0.name_prefix": "",
                            "node_pool.0.node_config.#": "1",
                            "node_pool.0.node_config.0.disk_size_gb": "100",
                            "node_pool.0.node_config.0.image_type": "COS",
                            "node_pool.0.node_config.0.labels.%": "0",
                            "node_pool.0.node_config.0.local_ssd_count": "0",
                            "node_pool.0.node_config.0.machine_type": "n1-standard-1",
                            "node_pool.0.node_config.0.metadata.%": "0",
                            "node_pool.0.node_config.0.min_cpu_platform": "",
                            "node_pool.0.node_config.0.oauth_scopes.#": "2",
                            "node_pool.0.node_config.0.oauth_scopes.1277378754": "https://www.googleapis.com/auth/monitoring",
                            "node_pool.0.node_config.0.oauth_scopes.172152165": "https://www.googleapis.com/auth/logging.write",
                            "node_pool.0.node_config.0.preemptible": "false",
                            "node_pool.0.node_config.0.service_account": "default",
                            "node_pool.0.node_config.0.tags.#": "0",
                            "node_pool.0.node_count": "1",
                            "node_version": "1.8.2-gke.0",
                            "subnetwork": "",
                            "zone": "us-central1-b"
                        },
                        "meta": {
                            "e2bfb730-ecaa-11e6-8f88-34363bc7c4c0": {
                                "create": 1800000000000,
                                "delete": 600000000000,
                                "update": 600000000000
                            },
                            "schema_version": "1"
                        },
                        "tainted": false
                    },
                    "deposed": [],
                    "provider": ""
                }
            },
            "depends_on": []
        }
    ]
}
